
Microsoft Visual Studio Solution File, Format Version 12.00
# Visual Studio Version 16
VisualStudioVersion = 16.0.31229.75
MinimumVisualStudioVersion = 10.0.40219.1
Project("{FAE04EC0-301F-11D3-BF4B-00C04F79EFBC}") = "leave-management", "leave-management\leave-management.csproj", "{BCC6CD72-2611-4DE1-A4B2-9367AAC77664}"
EndProject
Global
	GlobalSection(SolutionConfigurationPlatforms) = preSolution
		Debug|Any CPU = Debug|Any CPU
		Release|Any CPU = Release|Any CPU
	EndGlobalSection
	GlobalSection(ProjectConfigurationPlatforms) = postSolution
		{BCC6CD72-2611-4DE1-A4B2-9367AAC77664}.Debug|Any CPU.ActiveCfg = Debug|Any CPU
		{BCC6CD72-2611-4DE1-A4B2-9367AAC77664}.Debug|Any CPU.Build.0 = Debug|Any CPU
		{BCC6CD72-2611-4DE1-A4B2-9367AAC77664}.Release|Any CPU.ActiveCfg = Release|Any CPU
		{BCC6CD72-2611-4DE1-A4B2-9367AAC77664}.Release|Any CPU.Build.0 = Release|Any CPU
	EndGlobalSection
	GlobalSection(SolutionProperties) = preSolution
		HideSolutionNode = FALSE
	EndGlobalSection
	GlobalSection(ExtensibilityGlobals) = postSolution
		SolutionGuid = {7936FCBB-25A2-455B-A5E5-9648186062F4}
	EndGlobalSection
EndGlobal
